dependencies:
- name: postgresql
  repository: https://charts.bitnami.com/bitnami
  version: 18.5.15
- name: redis
  repository: https://charts.bitnami.com/bitnami
  version: 25.3.9
digest: sha256:e4bdab8e0d0501be9286696c4946fc22a4cfd93de70efede6b5651ab06e1725d
generated: "2026-04-07T10:25:40.323153-04:00"
