dependencies:
- name: replicated
  repository: oci://registry.replicated.com/library
  version: 1.19.1
- name: postgresql
  repository: https://charts.bitnami.com/bitnami
  version: 18.5.16
- name: redis
  repository: https://charts.bitnami.com/bitnami
  version: 25.3.10
digest: sha256:2507ed529e9dda757e8c11c9fc010d6ebaf33cf6bc4b83d516d52a8282da2276
generated: "2026-04-08T22:23:15.137958-04:00"
